<?xml version="1.0" encoding="UTF-8"?>
<CONFIG>
  <ProjectOptions>
    <Version Value="9"/>
    <General>
      <MainUnit Value="0"/>
      <ResourceType Value="res"/>
      <UseXPManifest Value="True"/>
      <Icon Value="0"/>
      <ActiveWindowIndexAtStart Value="0"/>
    </General>
    <i18n>
      <EnableI18N LFM="False"/>
    </i18n>
    <VersionInfo>
      <StringTable ProductVersion=""/>
    </VersionInfo>
    <BuildModes Count="1" Active="Default">
      <Item1 Name="Default" Default="True"/>
    </BuildModes>
    <PublishOptions>
      <Version Value="2"/>
      <IncludeFileFilter Value="*.(pas|pp|inc|lfm|lpr|lrs|lpi|lpk|sh|xml)"/>
      <ExcludeFileFilter Value="*.(bak|ppu|o|so);*~;backup"/>
    </PublishOptions>
    <RunParams>
      <local>
        <FormatVersion Value="1"/>
        <LaunchingApplication PathPlusParams="/usr/bin/xterm -T 'Lazarus Run Output' -e $(LazarusDir)/tools/runwait.sh $(TargetCmdLine)"/>
      </local>
    </RunParams>
    <RequiredPackages Count="3">
      <Item1>
        <PackageName Value="TAChartLazarusPkg"/>
      </Item1>
      <Item2>
        <PackageName Value="FCL"/>
        <MinVersion Major="1" Valid="True"/>
      </Item2>
      <Item3>
        <PackageName Value="LCL"/>
      </Item3>
    </RequiredPackages>
    <Units Count="12">
      <Unit0>
        <Filename Value="EGui.lpr"/>
        <IsPartOfProject Value="True"/>
        <UnitName Value="EGui"/>
        <EditorIndex Value="2"/>
        <WindowIndex Value="0"/>
        <TopLine Value="1"/>
        <CursorPos X="55" Y="26"/>
        <UsageCount Value="41"/>
        <Loaded Value="True"/>
      </Unit0>
      <Unit1>
        <Filename Value="mainunit.pas"/>
        <IsPartOfProject Value="True"/>
        <ComponentName Value="EGuiRoot"/>
        <HasResources Value="True"/>
        <ResourceBaseClass Value="Form"/>
        <UnitName Value="mainunit"/>
        <IsVisibleTab Value="True"/>
        <EditorIndex Value="0"/>
        <WindowIndex Value="0"/>
        <TopLine Value="46"/>
        <CursorPos X="27" Y="54"/>
        <UsageCount Value="41"/>
        <Loaded Value="True"/>
        <LoadedDesigner Value="True"/>
      </Unit1>
      <Unit2>
        <Filename Value="testunit.pas"/>
        <IsPartOfProject Value="True"/>
        <ComponentName Value="Form1"/>
        <ResourceBaseClass Value="Form"/>
        <UnitName Value="testunit"/>
        <EditorIndex Value="8"/>
        <WindowIndex Value="0"/>
        <TopLine Value="1"/>
        <CursorPos X="5" Y="23"/>
        <UsageCount Value="41"/>
        <Loaded Value="True"/>
      </Unit2>
      <Unit3>
        <Filename Value="testunit2.pas"/>
        <IsPartOfProject Value="True"/>
        <ComponentName Value="Form2"/>
        <ResourceBaseClass Value="Form"/>
        <UnitName Value="testunit2"/>
        <EditorIndex Value="7"/>
        <WindowIndex Value="0"/>
        <TopLine Value="1"/>
        <CursorPos X="1" Y="1"/>
        <UsageCount Value="40"/>
        <Loaded Value="True"/>
      </Unit3>
      <Unit4>
        <Filename Value="temppanel.pas"/>
        <IsPartOfProject Value="True"/>
        <ComponentName Value="TempPanel"/>
        <HasResources Value="True"/>
        <ResourceBaseClass Value="Form"/>
        <UnitName Value="TempPanel"/>
        <EditorIndex Value="3"/>
        <WindowIndex Value="0"/>
        <TopLine Value="27"/>
        <CursorPos X="50" Y="48"/>
        <UsageCount Value="40"/>
        <Loaded Value="True"/>
      </Unit4>
      <Unit5>
        <Filename Value="tankpanel.pas"/>
        <IsPartOfProject Value="True"/>
        <ComponentName Value="TankPanel"/>
        <HasResources Value="True"/>
        <ResourceBaseClass Value="Form"/>
        <UnitName Value="TankPanel"/>
        <WindowIndex Value="0"/>
        <TopLine Value="30"/>
        <CursorPos X="28" Y="32"/>
        <UsageCount Value="40"/>
      </Unit5>
      <Unit6>
        <Filename Value="gaspanel.pas"/>
        <IsPartOfProject Value="True"/>
        <ComponentName Value="GasPanel"/>
        <HasResources Value="True"/>
        <ResourceBaseClass Value="Form"/>
        <UnitName Value="GasPanel"/>
        <EditorIndex Value="1"/>
        <WindowIndex Value="0"/>
        <TopLine Value="16"/>
        <CursorPos X="3" Y="35"/>
        <UsageCount Value="40"/>
        <Loaded Value="True"/>
      </Unit6>
      <Unit7>
        <Filename Value="waterpanel.pas"/>
        <IsPartOfProject Value="True"/>
        <ComponentName Value="WaterPanel"/>
        <HasResources Value="True"/>
        <ResourceBaseClass Value="Form"/>
        <UnitName Value="WaterPanel"/>
        <EditorIndex Value="4"/>
        <WindowIndex Value="0"/>
        <TopLine Value="1"/>
        <CursorPos X="20" Y="19"/>
        <UsageCount Value="40"/>
        <Loaded Value="True"/>
      </Unit7>
      <Unit8>
        <Filename Value="powerpanel.pas"/>
        <IsPartOfProject Value="True"/>
        <ComponentName Value="PowerPanel"/>
        <HasResources Value="True"/>
        <ResourceBaseClass Value="Form"/>
        <UnitName Value="PowerPanel"/>
        <EditorIndex Value="5"/>
        <WindowIndex Value="0"/>
        <TopLine Value="7"/>
        <CursorPos X="3" Y="34"/>
        <UsageCount Value="40"/>
        <Loaded Value="True"/>
      </Unit8>
      <Unit9>
        <Filename Value="systempanel.pas"/>
        <IsPartOfProject Value="True"/>
        <ComponentName Value="SystemPanel"/>
        <HasResources Value="True"/>
        <ResourceBaseClass Value="Form"/>
        <UnitName Value="SystemPanel"/>
        <EditorIndex Value="6"/>
        <WindowIndex Value="0"/>
        <TopLine Value="3"/>
        <CursorPos X="15" Y="14"/>
        <UsageCount Value="40"/>
        <Loaded Value="True"/>
        <LoadedDesigner Value="True"/>
      </Unit9>
      <Unit10>
        <Filename Value="mainunit.lfm"/>
        <WindowIndex Value="0"/>
        <TopLine Value="184"/>
        <CursorPos X="31" Y="10"/>
        <UsageCount Value="8"/>
        <DefaultSyntaxHighlighter Value="LFM"/>
      </Unit10>
      <Unit11>
        <Filename Value="/usr/local/share/lazarus-1.2.4/lcl/include/control.inc"/>
        <WindowIndex Value="0"/>
        <TopLine Value="4006"/>
        <CursorPos X="1" Y="4017"/>
        <UsageCount Value="10"/>
      </Unit11>
    </Units>
    <JumpHistory Count="26" HistoryIndex="25">
      <Position1>
        <Filename Value="mainunit.pas"/>
        <Caret Line="202" Column="11" TopLine="182"/>
      </Position1>
      <Position2>
        <Filename Value="mainunit.pas"/>
        <Caret Line="261" Column="45" TopLine="241"/>
      </Position2>
      <Position3>
        <Filename Value="mainunit.pas"/>
        <Caret Line="262" Column="71" TopLine="241"/>
      </Position3>
      <Position4>
        <Filename Value="mainunit.pas"/>
        <Caret Line="261" Column="71" TopLine="240"/>
      </Position4>
      <Position5>
        <Filename Value="waterpanel.pas"/>
        <Caret Line="19" Column="30" TopLine="1"/>
      </Position5>
      <Position6>
        <Filename Value="temppanel.pas"/>
        <Caret Line="9" Column="21" TopLine="1"/>
      </Position6>
      <Position7>
        <Filename Value="waterpanel.pas"/>
        <Caret Line="23" Column="30" TopLine="1"/>
      </Position7>
      <Position8>
        <Filename Value="waterpanel.pas"/>
        <Caret Line="25" Column="30" TopLine="3"/>
      </Position8>
      <Position9>
        <Filename Value="waterpanel.pas"/>
        <Caret Line="27" Column="30" TopLine="5"/>
      </Position9>
      <Position10>
        <Filename Value="waterpanel.pas"/>
        <Caret Line="18" Column="20" TopLine="14"/>
      </Position10>
      <Position11>
        <Filename Value="temppanel.pas"/>
        <Caret Line="40" Column="3" TopLine="21"/>
      </Position11>
      <Position12>
        <Filename Value="temppanel.pas"/>
        <Caret Line="45" Column="7" TopLine="27"/>
      </Position12>
      <Position13>
        <Filename Value="systempanel.pas"/>
        <Caret Line="25" Column="32" TopLine="3"/>
      </Position13>
      <Position14>
        <Filename Value="gaspanel.pas"/>
        <Caret Line="38" Column="3" TopLine="16"/>
      </Position14>
      <Position15>
        <Filename Value="powerpanel.pas"/>
        <Caret Line="24" Column="30" TopLine="2"/>
      </Position15>
      <Position16>
        <Filename Value="mainunit.pas"/>
        <Caret Line="261" Column="71" TopLine="240"/>
      </Position16>
      <Position17>
        <Filename Value="mainunit.pas"/>
        <Caret Line="253" Column="21" TopLine="233"/>
      </Position17>
      <Position18>
        <Filename Value="mainunit.pas"/>
        <Caret Line="260" Column="21" TopLine="240"/>
      </Position18>
      <Position19>
        <Filename Value="mainunit.pas"/>
        <Caret Line="191" Column="22" TopLine="174"/>
      </Position19>
      <Position20>
        <Filename Value="systempanel.pas"/>
        <Caret Line="45" Column="27" TopLine="27"/>
      </Position20>
      <Position21>
        <Filename Value="systempanel.pas"/>
        <Caret Line="43" Column="31" TopLine="28"/>
      </Position21>
      <Position22>
        <Filename Value="mainunit.pas"/>
        <Caret Line="191" Column="24" TopLine="180"/>
      </Position22>
      <Position23>
        <Filename Value="mainunit.pas"/>
        <Caret Line="188" Column="36" TopLine="186"/>
      </Position23>
      <Position24>
        <Filename Value="mainunit.pas"/>
        <Caret Line="190" Column="36" TopLine="188"/>
      </Position24>
      <Position25>
        <Filename Value="mainunit.pas"/>
        <Caret Line="208" Column="21" TopLine="192"/>
      </Position25>
      <Position26>
        <Filename Value="mainunit.pas"/>
        <Caret Line="59" Column="31" TopLine="50"/>
      </Position26>
    </JumpHistory>
  </ProjectOptions>
  <CompilerOptions>
    <Version Value="11"/>
    <Target>
      <Filename Value="EGui"/>
    </Target>
    <SearchPaths>
      <IncludeFiles Value="$(ProjOutDir)"/>
      <UnitOutputDirectory Value="lib/$(TargetCPU)-$(TargetOS)"/>
    </SearchPaths>
    <Linking>
      <Options>
        <Win32>
          <GraphicApplication Value="True"/>
        </Win32>
      </Options>
    </Linking>
    <Other>
      <CompilerPath Value="$(CompPath)"/>
    </Other>
  </CompilerOptions>
  <Debugging>
    <Exceptions Count="3">
      <Item1>
        <Name Value="EAbort"/>
      </Item1>
      <Item2>
        <Name Value="ECodetoolError"/>
      </Item2>
      <Item3>
        <Name Value="EFOpenError"/>
      </Item3>
    </Exceptions>
  </Debugging>
  <EditorMacros Count="0"/>
</CONFIG>
